
Microsoft Visual Studio Solution File, Format Version 12.00
# Visual Studio Version 16
VisualStudioVersion = 16.0.28917.181
MinimumVisualStudioVersion = 10.0.40219.1
Project("{FAE04EC0-301F-11D3-BF4B-00C04F79EFBC}") = "Interfata", "WpfApp1\Interfata.csproj", "{B7E569B9-033C-48E0-886B-0840A556B850}"
EndProject
Global
	GlobalSection(SolutionConfigurationPlatforms) = preSolution
		Debug|Any CPU = Debug|Any CPU
		Release|Any CPU = Release|Any CPU
	EndGlobalSection
	GlobalSection(ProjectConfigurationPlatforms) = postSolution
		{B7E569B9-033C-48E0-886B-0840A556B850}.Debug|Any CPU.ActiveCfg = Debug|Any CPU
		{B7E569B9-033C-48E0-886B-0840A556B850}.Debug|Any CPU.Build.0 = Debug|Any CPU
		{B7E569B9-033C-48E0-886B-0840A556B850}.Release|Any CPU.ActiveCfg = Release|Any CPU
		{B7E569B9-033C-48E0-886B-0840A556B850}.Release|Any CPU.Build.0 = Release|Any CPU
	EndGlobalSection
	GlobalSection(SolutionProperties) = preSolution
		HideSolutionNode = FALSE
	EndGlobalSection
	GlobalSection(ExtensibilityGlobals) = postSolution
		SolutionGuid = {E81D4AB0-BFDD-4B82-B259-7C131B07B95D}
	EndGlobalSection
EndGlobal
